
Microsoft Visual Studio Solution File, Format Version 12.00
# Visual Studio Version 16
VisualStudioVersion = 16.0.30104.148
MinimumVisualStudioVersion = 10.0.40219.1
Project("{FAE04EC0-301F-11D3-BF4B-00C04F79EFBC}") = "EjemploConversion", "EjemploConversion\EjemploConversion.csproj", "{609E2D0B-EEA0-463F-ABAB-DAFE8D9078E8}"
EndProject
Global
	GlobalSection(SolutionConfigurationPlatforms) = preSolution
		Debug|Any CPU = Debug|Any CPU
		Release|Any CPU = Release|Any CPU
	EndGlobalSection
	GlobalSection(ProjectConfigurationPlatforms) = postSolution
		{609E2D0B-EEA0-463F-ABAB-DAFE8D9078E8}.Debug|Any CPU.ActiveCfg = Debug|Any CPU
		{609E2D0B-EEA0-463F-ABAB-DAFE8D9078E8}.Debug|Any CPU.Build.0 = Debug|Any CPU
		{609E2D0B-EEA0-463F-ABAB-DAFE8D9078E8}.Release|Any CPU.ActiveCfg = Release|Any CPU
		{609E2D0B-EEA0-463F-ABAB-DAFE8D9078E8}.Release|Any CPU.Build.0 = Release|Any CPU
	EndGlobalSection
	GlobalSection(SolutionProperties) = preSolution
		HideSolutionNode = FALSE
	EndGlobalSection
	GlobalSection(ExtensibilityGlobals) = postSolution
		SolutionGuid = {B050417D-7506-4186-AD2D-2E9D30371D3D}
	EndGlobalSection
EndGlobal
